
Microsoft Visual Studio Solution File, Format Version 12.00
# Visual Studio Version 17
VisualStudioVersion = 17.0.31912.275
MinimumVisualStudioVersion = 10.0.40219.1
Project("{9A19103F-16F7-4668-BE54-9A1E7A4F7556}") = "LuYao.LightRpc", "src\LuYao.LightRpc\LuYao.LightRpc.csproj", "{1029D930-4556-4FE6-BA64-F9E9F9B87A55}"
EndProject
Project("{2150E333-8FDC-42A3-9474-1A3956D46DE8}") = "src", "src", "{E65A796D-A9BE-4C66-9A17-C9A8E2BD8347}"
EndProject
Project("{9A19103F-16F7-4668-BE54-9A1E7A4F7556}") = "LuYao.LightRpc.Newtonsoft", "src\LuYao.LightRpc.Newtonsoft\LuYao.LightRpc.Newtonsoft.csproj", "{F593163C-1AAB-4A15-9C55-F8DE467B2146}"
EndProject
Project("{9A19103F-16F7-4668-BE54-9A1E7A4F7556}") = "LuYao.LightRpc.SourceGenerators", "src\LuYao.LightRpc.SourceGenerators\LuYao.LightRpc.SourceGenerators.csproj", "{01643FC8-921C-4460-9E46-0BDAFCA420E5}"
EndProject
Project("{9A19103F-16F7-4668-BE54-9A1E7A4F7556}") = "LuYao.LightRpc.Test", "tests\LuYao.LightRpc.Test\LuYao.LightRpc.Test.csproj", "{F1D431B8-5DBA-45B3-9648-8B2B0CD01F63}"
EndProject
Project("{FAE04EC0-301F-11D3-BF4B-00C04F79EFBC}") = "LuYao.LightRpc.Test.MinimalApi", "tests\LuYao.LightRpc.Test.MinimalApi\LuYao.LightRpc.Test.MinimalApi.csproj", "{1AEC67DD-0562-4800-94CF-152CCF179F3D}"
EndProject
Project("{FAE04EC0-301F-11D3-BF4B-00C04F79EFBC}") = "LuYao.LightRpc.Test.Client", "tests\LuYao.LightRpc.Test.Client\LuYao.LightRpc.Test.Client.csproj", "{E4F2787B-B5F8-4339-9227-EE8FD6C4AF34}"
EndProject
Global
	GlobalSection(SolutionConfigurationPlatforms) = preSolution
		Debug|Any CPU = Debug|Any CPU
		Release|Any CPU = Release|Any CPU
	EndGlobalSection
	GlobalSection(ProjectConfigurationPlatforms) = postSolution
		{1029D930-4556-4FE6-BA64-F9E9F9B87A55}.Debug|Any CPU.ActiveCfg = Debug|Any CPU
		{1029D930-4556-4FE6-BA64-F9E9F9B87A55}.Debug|Any CPU.Build.0 = Debug|Any CPU
		{1029D930-4556-4FE6-BA64-F9E9F9B87A55}.Release|Any CPU.ActiveCfg = Release|Any CPU
		{1029D930-4556-4FE6-BA64-F9E9F9B87A55}.Release|Any CPU.Build.0 = Release|Any CPU
		{F593163C-1AAB-4A15-9C55-F8DE467B2146}.Debug|Any CPU.ActiveCfg = Debug|Any CPU
		{F593163C-1AAB-4A15-9C55-F8DE467B2146}.Debug|Any CPU.Build.0 = Debug|Any CPU
		{F593163C-1AAB-4A15-9C55-F8DE467B2146}.Release|Any CPU.ActiveCfg = Release|Any CPU
		{F593163C-1AAB-4A15-9C55-F8DE467B2146}.Release|Any CPU.Build.0 = Release|Any CPU
		{01643FC8-921C-4460-9E46-0BDAFCA420E5}.Debug|Any CPU.ActiveCfg = Debug|Any CPU
		{01643FC8-921C-4460-9E46-0BDAFCA420E5}.Debug|Any CPU.Build.0 = Debug|Any CPU
		{01643FC8-921C-4460-9E46-0BDAFCA420E5}.Release|Any CPU.ActiveCfg = Release|Any CPU
		{01643FC8-921C-4460-9E46-0BDAFCA420E5}.Release|Any CPU.Build.0 = Release|Any CPU
		{F1D431B8-5DBA-45B3-9648-8B2B0CD01F63}.Debug|Any CPU.ActiveCfg = Debug|Any CPU
		{F1D431B8-5DBA-45B3-9648-8B2B0CD01F63}.Debug|Any CPU.Build.0 = Debug|Any CPU
		{F1D431B8-5DBA-45B3-9648-8B2B0CD01F63}.Release|Any CPU.ActiveCfg = Release|Any CPU
		{F1D431B8-5DBA-45B3-9648-8B2B0CD01F63}.Release|Any CPU.Build.0 = Release|Any CPU
		{1AEC67DD-0562-4800-94CF-152CCF179F3D}.Debug|Any CPU.ActiveCfg = Debug|Any CPU
		{1AEC67DD-0562-4800-94CF-152CCF179F3D}.Debug|Any CPU.Build.0 = Debug|Any CPU
		{1AEC67DD-0562-4800-94CF-152CCF179F3D}.Release|Any CPU.ActiveCfg = Release|Any CPU
		{1AEC67DD-0562-4800-94CF-152CCF179F3D}.Release|Any CPU.Build.0 = Release|Any CPU
		{E4F2787B-B5F8-4339-9227-EE8FD6C4AF34}.Debug|Any CPU.ActiveCfg = Debug|Any CPU
		{E4F2787B-B5F8-4339-9227-EE8FD6C4AF34}.Debug|Any CPU.Build.0 = Debug|Any CPU
		{E4F2787B-B5F8-4339-9227-EE8FD6C4AF34}.Release|Any CPU.ActiveCfg = Release|Any CPU
		{E4F2787B-B5F8-4339-9227-EE8FD6C4AF34}.Release|Any CPU.Build.0 = Release|Any CPU
	EndGlobalSection
	GlobalSection(SolutionProperties) = preSolution
		HideSolutionNode = FALSE
	EndGlobalSection
	GlobalSection(NestedProjects) = preSolution
		{1029D930-4556-4FE6-BA64-F9E9F9B87A55} = {E65A796D-A9BE-4C66-9A17-C9A8E2BD8347}
		{F593163C-1AAB-4A15-9C55-F8DE467B2146} = {E65A796D-A9BE-4C66-9A17-C9A8E2BD8347}
		{01643FC8-921C-4460-9E46-0BDAFCA420E5} = {E65A796D-A9BE-4C66-9A17-C9A8E2BD8347}
	EndGlobalSection
	GlobalSection(ExtensibilityGlobals) = postSolution
		SolutionGuid = {DA69B1C3-F6B9-4AF9-859B-D680E03B79F2}
	EndGlobalSection
EndGlobal
